// !$*UTF8*$!
{
	archiveVersion = 1;
	classes = {
	};
	objectVersion = 46;
	objects = {

/* Begin PBXBuildFile section */
		FA0FEC6F1CACCB4100D46C96 /* main.m in Sources */ = {isa = PBXBuildFile; fileRef = FA0FEC6E1CACCB4100D46C96 /* main.m */; };
		FA0FEC721CACCB4100D46C96 /* AppDelegate.m in Sources */ = {isa = PBXBuildFile; fileRef = FA0FEC711CACCB4100D46C96 /* AppDelegate.m */; };
		FA0FEC781CACCB4100D46C96 /* Main.storyboard in Resources */ = {isa = PBXBuildFile; fileRef = FA0FEC761CACCB4100D46C96 /* Main.storyboard */; };
		FA0FEC7A1CACCB4100D46C96 /* Assets.xcassets in Resources */ = {isa = PBXBuildFile; fileRef = FA0FEC791CACCB4100D46C96 /* Assets.xcassets */; };
		FA0FEC7D1CACCB4100D46C96 /* LaunchScreen.storyboard in Resources */ = {isa = PBXBuildFile; fileRef = FA0FEC7B1CACCB4100D46C96 /* LaunchScreen.storyboard */; };
		FA0FEC881CACCB4100D46C96 /* Quartz2DTests.m in Sources */ = {isa = PBXBuildFile; fileRef = FA0FEC871CACCB4100D46C96 /* Quartz2DTests.m */; };
		FA0FEC931CACCB4100D46C96 /* Quartz2DUITests.m in Sources */ = {isa = PBXBuildFile; fileRef = FA0FEC921CACCB4100D46C96 /* Quartz2DUITests.m */; };
		FA11FD421CD30AC6009296DB /* GraphicsViewController.m in Sources */ = {isa = PBXBuildFile; fileRef = FA11FD411CD30AC6009296DB /* GraphicsViewController.m */; };
		FA11FD461CD3485F009296DB /* EraseImageViewController.m in Sources */ = {isa = PBXBuildFile; fileRef = FA11FD451CD3485F009296DB /* EraseImageViewController.m */; };
		FA11FD4A1CD36428009296DB /* LockViewController.m in Sources */ = {isa = PBXBuildFile; fileRef = FA11FD491CD36428009296DB /* LockViewController.m */; };
		FA11FD4F1CD3645D009296DB /* LockView.m in Sources */ = {isa = PBXBuildFile; fileRef = FA11FD4E1CD3645D009296DB /* LockView.m */; };
		FA11FD521CD3676D009296DB /* backView.m in Sources */ = {isa = PBXBuildFile; fileRef = FA11FD511CD3676D009296DB /* backView.m */; };
		FA631B461CD9A5F90075111E /* DrawingBoardViewController.m in Sources */ = {isa = PBXBuildFile; fileRef = FA631B451CD9A5F90075111E /* DrawingBoardViewController.m */; };
		FA631B491CD9A6930075111E /* DrawingBoardView.m in Sources */ = {isa = PBXBuildFile; fileRef = FA631B481CD9A6930075111E /* DrawingBoardView.m */; };
		FA631B4C1CD9AEBF0075111E /* DrawPath.m in Sources */ = {isa = PBXBuildFile; fileRef = FA631B4B1CD9AEBF0075111E /* DrawPath.m */; };
		FA631B4F1CD9CEBB0075111E /* HandleView.m in Sources */ = {isa = PBXBuildFile; fileRef = FA631B4E1CD9CEBB0075111E /* HandleView.m */; };
		FA631B561CD9E1B80075111E /* MBProgressHUD+MJ.m in Sources */ = {isa = PBXBuildFile; fileRef = FA631B521CD9E1B80075111E /* MBProgressHUD+MJ.m */; };
		FA631B571CD9E1B80075111E /* MBProgressHUD.bundle in Resources */ = {isa = PBXBuildFile; fileRef = FA631B531CD9E1B80075111E /* MBProgressHUD.bundle */; };
		FA631B581CD9E1B80075111E /* MBProgressHUD.m in Sources */ = {isa = PBXBuildFile; fileRef = FA631B551CD9E1B80075111E /* MBProgressHUD.m */; };
		FA63EA891CD1B72D002CE02F /* expandViewController.m in Sources */ = {isa = PBXBuildFile; fileRef = FA63EA881CD1B72D002CE02F /* expandViewController.m */; };
		FA63EA8C1CD1C0A5002CE02F /* UIImage+ImageClip.m in Sources */ = {isa = PBXBuildFile; fileRef = FA63EA8B1CD1C0A5002CE02F /* UIImage+ImageClip.m */; };
		FA687D711CD8484E00564054 /* DiskGesturesPassword.m in Sources */ = {isa = PBXBuildFile; fileRef = FA687D701CD8484E00564054 /* DiskGesturesPassword.m */; };
		FA9A755D1CD2FB500064ECCD /* WaterFlowLayout.m in Sources */ = {isa = PBXBuildFile; fileRef = FA9A755C1CD2FB500064ECCD /* WaterFlowLayout.m */; };
		FAAD811E1CACD315004E190F /* HomeViewController.m in Sources */ = {isa = PBXBuildFile; fileRef = FAAD811D1CACD315004E190F /* HomeViewController.m */; };
		FAAD81221CACF6A4004E190F /* DrawViewController.m in Sources */ = {isa = PBXBuildFile; fileRef = FAAD81201CACF6A4004E190F /* DrawViewController.m */; };
		FAAD81231CACF6A4004E190F /* DrawViewController.xib in Resources */ = {isa = PBXBuildFile; fileRef = FAAD81211CACF6A4004E190F /* DrawViewController.xib */; };
		FAAD81261CACF6B7004E190F /* DrawView.m in Sources */ = {isa = PBXBuildFile; fileRef = FAAD81251CACF6B7004E190F /* DrawView.m */; };
/* End PBXBuildFile section */

/* Begin PBXContainerItemProxy section */
		FA0FEC841CACCB4100D46C96 /* PBXContainerItemProxy */ = {
			isa = PBXContainerItemProxy;
			containerPortal = FA0FEC621CACCB4100D46C96 /* Project object */;
			proxyType = 1;
			remoteGlobalIDString = FA0FEC691CACCB4100D46C96;
			remoteInfo = Quartz2D;
		};
		FA0FEC8F1CACCB4100D46C96 /* PBXContainerItemProxy */ = {
			isa = PBXContainerItemProxy;
			containerPortal = FA0FEC621CACCB4100D46C96 /* Project object */;
			proxyType = 1;
			remoteGlobalIDString = FA0FEC691CACCB4100D46C96;
			remoteInfo = Quartz2D;
		};
/* End PBXContainerItemProxy section */

/* Begin PBXFileReference section */
		FA0FEC6A1CACCB4100D46C96 /* Quartz2D.app */ = {isa = PBXFileReference; explicitFileType = wrapper.application; includeInIndex = 0; path = Quartz2D.app; sourceTree = BUILT_PRODUCTS_DIR; };
		FA0FEC6E1CACCB4100D46C96 /* main.m */ = {isa = PBXFileReference; lastKnownFileType = sourcecode.c.objc; path = main.m; sourceTree = "<group>"; };
		FA0FEC701CACCB4100D46C96 /* AppDelegate.h */ = {isa = PBXFileReference; lastKnownFileType = sourcecode.c.h; path = AppDelegate.h; sourceTree = "<group>"; };
		FA0FEC711CACCB4100D46C96 /* AppDelegate.m */ = {isa = PBXFileReference; lastKnownFileType = sourcecode.c.objc; path = AppDelegate.m; sourceTree = "<group>"; };
		FA0FEC771CACCB4100D46C96 /* Base */ = {isa = PBXFileReference; lastKnownFileType = file.storyboard; name = Base; path = Base.lproj/Main.storyboard; sourceTree = "<group>"; };
		FA0FEC791CACCB4100D46C96 /* Assets.xcassets */ = {isa = PBXFileReference; lastKnownFileType = folder.assetcatalog; path = Assets.xcassets; sourceTree = "<group>"; };
		FA0FEC7C1CACCB4100D46C96 /* Base */ = {isa = PBXFileReference; lastKnownFileType = file.storyboard; name = Base; path = Base.lproj/LaunchScreen.storyboard; sourceTree = "<group>"; };
		FA0FEC7E1CACCB4100D46C96 /* Info.plist */ = {isa = PBXFileReference; lastKnownFileType = text.plist.xml; path = Info.plist; sourceTree = "<group>"; };
		FA0FEC831CACCB4100D46C96 /* Quartz2DTests.xctest */ = {isa = PBXFileReference; explicitFileType = wrapper.cfbundle; includeInIndex = 0; path = Quartz2DTests.xctest; sourceTree = BUILT_PRODUCTS_DIR; };
		FA0FEC871CACCB4100D46C96 /* Quartz2DTests.m */ = {isa = PBXFileReference; lastKnownFileType = sourcecode.c.objc; path = Quartz2DTests.m; sourceTree = "<group>"; };
		FA0FEC891CACCB4100D46C96 /* Info.plist */ = {isa = PBXFileReference; lastKnownFileType = text.plist.xml; path = Info.plist; sourceTree = "<group>"; };
		FA0FEC8E1CACCB4100D46C96 /* Quartz2DUITests.xctest */ = {isa = PBXFileReference; explicitFileType = wrapper.cfbundle; includeInIndex = 0; path = Quartz2DUITests.xctest; sourceTree = BUILT_PRODUCTS_DIR; };
		FA0FEC921CACCB4100D46C96 /* Quartz2DUITests.m */ = {isa = PBXFileReference; lastKnownFileType = sourcecode.c.objc; path = Quartz2DUITests.m; sourceTree = "<group>"; };
		FA0FEC941CACCB4100D46C96 /* Info.plist */ = {isa = PBXFileReference; lastKnownFileType = text.plist.xml; path = Info.plist; sourceTree = "<group>"; };
		FA11FD401CD30AC6009296DB /* GraphicsViewController.h */ = {isa = PBXFileReference; fileEncoding = 4; lastKnownFileType = sourcecode.c.h; path = GraphicsViewController.h; sourceTree = "<group>"; };
		FA11FD411CD30AC6009296DB /* GraphicsViewController.m */ = {isa = PBXFileReference; fileEncoding = 4; lastKnownFileType = sourcecode.c.objc; path = GraphicsViewController.m; sourceTree = "<group>"; };
		FA11FD441CD3485F009296DB /* EraseImageViewController.h */ = {isa = PBXFileReference; fileEncoding = 4; lastKnownFileType = sourcecode.c.h; path = EraseImageViewController.h; sourceTree = "<group>"; };
		FA11FD451CD3485F009296DB /* EraseImageViewController.m */ = {isa = PBXFileReference; fileEncoding = 4; lastKnownFileType = sourcecode.c.objc; path = EraseImageViewController.m; sourceTree = "<group>"; };
		FA11FD481CD36428009296DB /* LockViewController.h */ = {isa = PBXFileReference; fileEncoding = 4; lastKnownFileType = sourcecode.c.h; path = LockViewController.h; sourceTree = "<group>"; };
		FA11FD491CD36428009296DB /* LockViewController.m */ = {isa = PBXFileReference; fileEncoding = 4; lastKnownFileType = sourcecode.c.objc; path = LockViewController.m; sourceTree = "<group>"; };
		FA11FD4D1CD3645D009296DB /* LockView.h */ = {isa = PBXFileReference; fileEncoding = 4; lastKnownFileType = sourcecode.c.h; path = LockView.h; sourceTree = "<group>"; };
		FA11FD4E1CD3645D009296DB /* LockView.m */ = {isa = PBXFileReference; fileEncoding = 4; lastKnownFileType = sourcecode.c.objc; path = LockView.m; sourceTree = "<group>"; };
		FA11FD501CD3676D009296DB /* backView.h */ = {isa = PBXFileReference; fileEncoding = 4; lastKnownFileType = sourcecode.c.h; path = backView.h; sourceTree = "<group>"; };
		FA11FD511CD3676D009296DB /* backView.m */ = {isa = PBXFileReference; fileEncoding = 4; lastKnownFileType = sourcecode.c.objc; path = backView.m; sourceTree = "<group>"; };
		FA631B441CD9A5F90075111E /* DrawingBoardViewController.h */ = {isa = PBXFileReference; fileEncoding = 4; lastKnownFileType = sourcecode.c.h; path = DrawingBoardViewController.h; sourceTree = "<group>"; };
		FA631B451CD9A5F90075111E /* DrawingBoardViewController.m */ = {isa = PBXFileReference; fileEncoding = 4; lastKnownFileType = sourcecode.c.objc; path = DrawingBoardViewController.m; sourceTree = "<group>"; };
		FA631B471CD9A6930075111E /* DrawingBoardView.h */ = {isa = PBXFileReference; fileEncoding = 4; lastKnownFileType = sourcecode.c.h; path = DrawingBoardView.h; sourceTree = "<group>"; };
		FA631B481CD9A6930075111E /* DrawingBoardView.m */ = {isa = PBXFileReference; fileEncoding = 4; lastKnownFileType = sourcecode.c.objc; path = DrawingBoardView.m; sourceTree = "<group>"; };
		FA631B4A1CD9AEBF0075111E /* DrawPath.h */ = {isa = PBXFileReference; fileEncoding = 4; lastKnownFileType = sourcecode.c.h; path = DrawPath.h; sourceTree = "<group>"; };
		FA631B4B1CD9AEBF0075111E /* DrawPath.m */ = {isa = PBXFileReference; fileEncoding = 4; lastKnownFileType = sourcecode.c.objc; path = DrawPath.m; sourceTree = "<group>"; };
		FA631B4D1CD9CEBB0075111E /* HandleView.h */ = {isa = PBXFileReference; fileEncoding = 4; lastKnownFileType = sourcecode.c.h; path = HandleView.h; sourceTree = "<group>"; };
		FA631B4E1CD9CEBB0075111E /* HandleView.m */ = {isa = PBXFileReference; fileEncoding = 4; lastKnownFileType = sourcecode.c.objc; path = HandleView.m; sourceTree = "<group>"; };
		FA631B511CD9E1B80075111E /* MBProgressHUD+MJ.h */ = {isa = PBXFileReference; fileEncoding = 4; lastKnownFileType = sourcecode.c.h; path = "MBProgressHUD+MJ.h"; sourceTree = "<group>"; };
		FA631B521CD9E1B80075111E /* MBProgressHUD+MJ.m */ = {isa = PBXFileReference; fileEncoding = 4; lastKnownFileType = sourcecode.c.objc; path = "MBProgressHUD+MJ.m"; sourceTree = "<group>"; };
		FA631B531CD9E1B80075111E /* MBProgressHUD.bundle */ = {isa = PBXFileReference; lastKnownFileType = "wrapper.plug-in"; path = MBProgressHUD.bundle; sourceTree = "<group>"; };
		FA631B541CD9E1B80075111E /* MBProgressHUD.h */ = {isa = PBXFileReference; fileEncoding = 4; lastKnownFileType = sourcecode.c.h; path = MBProgressHUD.h; sourceTree = "<group>"; };
		FA631B551CD9E1B80075111E /* MBProgressHUD.m */ = {isa = PBXFileReference; fileEncoding = 4; lastKnownFileType = sourcecode.c.objc; path = MBProgressHUD.m; sourceTree = "<group>"; };
		FA63EA871CD1B72D002CE02F /* expandViewController.h */ = {isa = PBXFileReference; fileEncoding = 4; lastKnownFileType = sourcecode.c.h; path = expandViewController.h; sourceTree = "<group>"; };
		FA63EA881CD1B72D002CE02F /* expandViewController.m */ = {isa = PBXFileReference; fileEncoding = 4; lastKnownFileType = sourcecode.c.objc; path = expandViewController.m; sourceTree = "<group>"; };
		FA63EA8A1CD1C0A5002CE02F /* UIImage+ImageClip.h */ = {isa = PBXFileReference; fileEncoding = 4; lastKnownFileType = sourcecode.c.h; path = "UIImage+ImageClip.h"; sourceTree = "<group>"; };
		FA63EA8B1CD1C0A5002CE02F /* UIImage+ImageClip.m */ = {isa = PBXFileReference; fileEncoding = 4; lastKnownFileType = sourcecode.c.objc; path = "UIImage+ImageClip.m"; sourceTree = "<group>"; };
		FA687D6F1CD8484E00564054 /* DiskGesturesPassword.h */ = {isa = PBXFileReference; fileEncoding = 4; lastKnownFileType = sourcecode.c.h; path = DiskGesturesPassword.h; sourceTree = "<group>"; };
		FA687D701CD8484E00564054 /* DiskGesturesPassword.m */ = {isa = PBXFileReference; fileEncoding = 4; lastKnownFileType = sourcecode.c.objc; path = DiskGesturesPassword.m; sourceTree = "<group>"; };
		FA9A755B1CD2FB500064ECCD /* WaterFlowLayout.h */ = {isa = PBXFileReference; fileEncoding = 4; lastKnownFileType = sourcecode.c.h; path = WaterFlowLayout.h; sourceTree = "<group>"; };
		FA9A755C1CD2FB500064ECCD /* WaterFlowLayout.m */ = {isa = PBXFileReference; fileEncoding = 4; lastKnownFileType = sourcecode.c.objc; path = WaterFlowLayout.m; sourceTree = "<group>"; };
		FAAD811C1CACD315004E190F /* HomeViewController.h */ = {isa = PBXFileReference; fileEncoding = 4; lastKnownFileType = sourcecode.c.h; path = HomeViewController.h; sourceTree = "<group>"; };
		FAAD811D1CACD315004E190F /* HomeViewController.m */ = {isa = PBXFileReference; fileEncoding = 4; lastKnownFileType = sourcecode.c.objc; path = HomeViewController.m; sourceTree = "<group>"; };
		FAAD811F1CACF6A4004E190F /* DrawViewController.h */ = {isa = PBXFileReference; fileEncoding = 4; lastKnownFileType = sourcecode.c.h; path = DrawViewController.h; sourceTree = "<group>"; };
		FAAD81201CACF6A4004E190F /* DrawViewController.m */ = {isa = PBXFileReference; fileEncoding = 4; lastKnownFileType = sourcecode.c.objc; path = DrawViewController.m; sourceTree = "<group>"; };
		FAAD81211CACF6A4004E190F /* DrawViewController.xib */ = {isa = PBXFileReference; fileEncoding = 4; lastKnownFileType = file.xib; path = DrawViewController.xib; sourceTree = "<group>"; };
		FAAD81241CACF6B7004E190F /* DrawView.h */ = {isa = PBXFileReference; fileEncoding = 4; lastKnownFileType = sourcecode.c.h; path = DrawView.h; sourceTree = "<group>"; };
		FAAD81251CACF6B7004E190F /* DrawView.m */ = {isa = PBXFileReference; fileEncoding = 4; lastKnownFileType = sourcecode.c.objc; path = DrawView.m; sourceTree = "<group>"; };
/* End PBXFileReference section */

/* Begin PBXFrameworksBuildPhase section */
		FA0FEC671CACCB4100D46C96 /* Frameworks */ = {
			isa = PBXFrameworksBuildPhase;
			buildActionMask = 2147483647;
			files = (
			);
			runOnlyForDeploymentPostprocessing = 0;
		};
		FA0FEC801CACCB4100D46C96 /* Frameworks */ = {
			isa = PBXFrameworksBuildPhase;
			buildActionMask = 2147483647;
			files = (
			);
			runOnlyForDeploymentPostprocessing = 0;
		};
		FA0FEC8B1CACCB4100D46C96 /* Frameworks */ = {
			isa = PBXFrameworksBuildPhase;
			buildActionMask = 2147483647;
			files = (
			);
			runOnlyForDeploymentPostprocessing = 0;
		};
/* End PBXFrameworksBuildPhase section */

/* Begin PBXGroup section */
		FA0FEC611CACCB4100D46C96 = {
			isa = PBXGroup;
			children = (
				FA0FEC6C1CACCB4100D46C96 /* Quartz2D */,
				FA0FEC861CACCB4100D46C96 /* Quartz2DTests */,
				FA0FEC911CACCB4100D46C96 /* Quartz2DUITests */,
				FA0FEC6B1CACCB4100D46C96 /* Products */,
			);
			sourceTree = "<group>";
		};
		FA0FEC6B1CACCB4100D46C96 /* Products */ = {
			isa = PBXGroup;
			children = (
				FA0FEC6A1CACCB4100D46C96 /* Quartz2D.app */,
				FA0FEC831CACCB4100D46C96 /* Quartz2DTests.xctest */,
				FA0FEC8E1CACCB4100D46C96 /* Quartz2DUITests.xctest */,
			);
			name = Products;
			sourceTree = "<group>";
		};
		FA0FEC6C1CACCB4100D46C96 /* Quartz2D */ = {
			isa = PBXGroup;
			children = (
				FA631B501CD9E1B80075111E /* MBProgressHUD */,
				FA63EA841CD1B6F5002CE02F /* 拓展 */,
				FA63EA811CD1B67B002CE02F /* 首页 */,
				FA0FEC701CACCB4100D46C96 /* AppDelegate.h */,
				FA0FEC711CACCB4100D46C96 /* AppDelegate.m */,
				FA0FEC761CACCB4100D46C96 /* Main.storyboard */,
				FA0FEC791CACCB4100D46C96 /* Assets.xcassets */,
				FA0FEC7B1CACCB4100D46C96 /* LaunchScreen.storyboard */,
				FA0FEC7E1CACCB4100D46C96 /* Info.plist */,
				FA0FEC6D1CACCB4100D46C96 /* Supporting Files */,
			);
			path = Quartz2D;
			sourceTree = "<group>";
		};
		FA0FEC6D1CACCB4100D46C96 /* Supporting Files */ = {
			isa = PBXGroup;
			children = (
				FA0FEC6E1CACCB4100D46C96 /* main.m */,
			);
			name = "Supporting Files";
			sourceTree = "<group>";
		};
		FA0FEC861CACCB4100D46C96 /* Quartz2DTests */ = {
			isa = PBXGroup;
			children = (
				FA0FEC871CACCB4100D46C96 /* Quartz2DTests.m */,
				FA0FEC891CACCB4100D46C96 /* Info.plist */,
			);
			path = Quartz2DTests;
			sourceTree = "<group>";
		};
		FA0FEC911CACCB4100D46C96 /* Quartz2DUITests */ = {
			isa = PBXGroup;
			children = (
				FA0FEC921CACCB4100D46C96 /* Quartz2DUITests.m */,
				FA0FEC941CACCB4100D46C96 /* Info.plist */,
			);
			path = Quartz2DUITests;
			sourceTree = "<group>";
		};
		FA11FD471CD363F3009296DB /* 手势密码 */ = {
			isa = PBXGroup;
			children = (
				FA11FD4B1CD36430009296DB /* View */,
				FA11FD4C1CD36443009296DB /* controller */,
			);
			name = "手势密码";
			sourceTree = "<group>";
		};
		FA11FD4B1CD36430009296DB /* View */ = {
			isa = PBXGroup;
			children = (
				FA11FD4D1CD3645D009296DB /* LockView.h */,
				FA11FD4E1CD3645D009296DB /* LockView.m */,
				FA11FD501CD3676D009296DB /* backView.h */,
				FA11FD511CD3676D009296DB /* backView.m */,
				FA687D6F1CD8484E00564054 /* DiskGesturesPassword.h */,
				FA687D701CD8484E00564054 /* DiskGesturesPassword.m */,
			);
			name = View;
			sourceTree = "<group>";
		};
		FA11FD4C1CD36443009296DB /* controller */ = {
			isa = PBXGroup;
			children = (
				FA11FD481CD36428009296DB /* LockViewController.h */,
				FA11FD491CD36428009296DB /* LockViewController.m */,
			);
			name = controller;
			sourceTree = "<group>";
		};
		FA631B411CD9A5AD0075111E /* 画板 */ = {
			isa = PBXGroup;
			children = (
				FA631B431CD9A5C60075111E /* view */,
				FA631B421CD9A5BD0075111E /* controller */,
			);
			name = "画板";
			sourceTree = "<group>";
		};
		FA631B421CD9A5BD0075111E /* controller */ = {
			isa = PBXGroup;
			children = (
				FA631B441CD9A5F90075111E /* DrawingBoardViewController.h */,
				FA631B451CD9A5F90075111E /* DrawingBoardViewController.m */,
			);
			name = controller;
			sourceTree = "<group>";
		};
		FA631B431CD9A5C60075111E /* view */ = {
			isa = PBXGroup;
			children = (
				FA631B471CD9A6930075111E /* DrawingBoardView.h */,
				FA631B481CD9A6930075111E /* DrawingBoardView.m */,
				FA631B4D1CD9CEBB0075111E /* HandleView.h */,
				FA631B4E1CD9CEBB0075111E /* HandleView.m */,
				FA631B4A1CD9AEBF0075111E /* DrawPath.h */,
				FA631B4B1CD9AEBF0075111E /* DrawPath.m */,
			);
			name = view;
			sourceTree = "<group>";
		};
		FA631B501CD9E1B80075111E /* MBProgressHUD */ = {
			isa = PBXGroup;
			children = (
				FA631B511CD9E1B80075111E /* MBProgressHUD+MJ.h */,
				FA631B521CD9E1B80075111E /* MBProgressHUD+MJ.m */,
				FA631B531CD9E1B80075111E /* MBProgressHUD.bundle */,
				FA631B541CD9E1B80075111E /* MBProgressHUD.h */,
				FA631B551CD9E1B80075111E /* MBProgressHUD.m */,
			);
			path = MBProgressHUD;
			sourceTree = "<group>";
		};
		FA63EA811CD1B67B002CE02F /* 首页 */ = {
			isa = PBXGroup;
			children = (
				FA63EA831CD1B68F002CE02F /* view */,
				FA63EA821CD1B685002CE02F /* controller */,
			);
			name = "首页";
			sourceTree = "<group>";
		};
		FA63EA821CD1B685002CE02F /* controller */ = {
			isa = PBXGroup;
			children = (
				FAAD811C1CACD315004E190F /* HomeViewController.h */,
				FAAD811D1CACD315004E190F /* HomeViewController.m */,
				FAAD811F1CACF6A4004E190F /* DrawViewController.h */,
				FAAD81201CACF6A4004E190F /* DrawViewController.m */,
				FAAD81211CACF6A4004E190F /* DrawViewController.xib */,
			);
			name = controller;
			sourceTree = "<group>";
		};
		FA63EA831CD1B68F002CE02F /* view */ = {
			isa = PBXGroup;
			children = (
				FAAD81241CACF6B7004E190F /* DrawView.h */,
				FAAD81251CACF6B7004E190F /* DrawView.m */,
			);
			name = view;
			sourceTree = "<group>";
		};
		FA63EA841CD1B6F5002CE02F /* 拓展 */ = {
			isa = PBXGroup;
			children = (
				FA63EA861CD1B710002CE02F /* view */,
				FA63EA851CD1B709002CE02F /* controller */,
			);
			name = "拓展";
			sourceTree = "<group>";
		};
		FA63EA851CD1B709002CE02F /* controller */ = {
			isa = PBXGroup;
			children = (
				FA631B411CD9A5AD0075111E /* 画板 */,
				FA11FD471CD363F3009296DB /* 手势密码 */,
				FA63EA871CD1B72D002CE02F /* expandViewController.h */,
				FA63EA881CD1B72D002CE02F /* expandViewController.m */,
				FA11FD401CD30AC6009296DB /* GraphicsViewController.h */,
				FA11FD411CD30AC6009296DB /* GraphicsViewController.m */,
				FA11FD441CD3485F009296DB /* EraseImageViewController.h */,
				FA11FD451CD3485F009296DB /* EraseImageViewController.m */,
			);
			name = controller;
			sourceTree = "<group>";
		};
		FA63EA861CD1B710002CE02F /* view */ = {
			isa = PBXGroup;
			children = (
				FA9A755B1CD2FB500064ECCD /* WaterFlowLayout.h */,
				FA9A755C1CD2FB500064ECCD /* WaterFlowLayout.m */,
				FA63EA8A1CD1C0A5002CE02F /* UIImage+ImageClip.h */,
				FA63EA8B1CD1C0A5002CE02F /* UIImage+ImageClip.m */,
			);
			name = view;
			sourceTree = "<group>";
		};
/* End PBXGroup section */

/* Begin PBXNativeTarget section */
		FA0FEC691CACCB4100D46C96 /* Quartz2D */ = {
			isa = PBXNativeTarget;
			buildConfigurationList = FA0FEC971CACCB4100D46C96 /* Build configuration list for PBXNativeTarget "Quartz2D" */;
			buildPhases = (
				FA0FEC661CACCB4100D46C96 /* Sources */,
				FA0FEC671CACCB4100D46C96 /* Frameworks */,
				FA0FEC681CACCB4100D46C96 /* Resources */,
			);
			buildRules = (
			);
			dependencies = (
			);
			name = Quartz2D;
			productName = Quartz2D;
			productReference = FA0FEC6A1CACCB4100D46C96 /* Quartz2D.app */;
			productType = "com.apple.product-type.application";
		};
		FA0FEC821CACCB4100D46C96 /* Quartz2DTests */ = {
			isa = PBXNativeTarget;
			buildConfigurationList = FA0FEC9A1CACCB4100D46C96 /* Build configuration list for PBXNativeTarget "Quartz2DTests" */;
			buildPhases = (
				FA0FEC7F1CACCB4100D46C96 /* Sources */,
				FA0FEC801CACCB4100D46C96 /* Frameworks */,
				FA0FEC811CACCB4100D46C96 /* Resources */,
			);
			buildRules = (
			);
			dependencies = (
				FA0FEC851CACCB4100D46C96 /* PBXTargetDependency */,
			);
			name = Quartz2DTests;
			productName = Quartz2DTests;
			productReference = FA0FEC831CACCB4100D46C96 /* Quartz2DTests.xctest */;
			productType = "com.apple.product-type.bundle.unit-test";
		};
		FA0FEC8D1CACCB4100D46C96 /* Quartz2DUITests */ = {
			isa = PBXNativeTarget;
			buildConfigurationList = FA0FEC9D1CACCB4100D46C96 /* Build configuration list for PBXNativeTarget "Quartz2DUITests" */;
			buildPhases = (
				FA0FEC8A1CACCB4100D46C96 /* Sources */,
				FA0FEC8B1CACCB4100D46C96 /* Frameworks */,
				FA0FEC8C1CACCB4100D46C96 /* Resources */,
			);
			buildRules = (
			);
			dependencies = (
				FA0FEC901CACCB4100D46C96 /* PBXTargetDependency */,
			);
			name = Quartz2DUITests;
			productName = Quartz2DUITests;
			productReference = FA0FEC8E1CACCB4100D46C96 /* Quartz2DUITests.xctest */;
			productType = "com.apple.product-type.bundle.ui-testing";
		};
/* End PBXNativeTarget section */

/* Begin PBXProject section */
		FA0FEC621CACCB4100D46C96 /* Project object */ = {
			isa = PBXProject;
			attributes = {
				LastUpgradeCheck = 0720;
				ORGANIZATIONNAME = fangjs;
				TargetAttributes = {
					FA0FEC691CACCB4100D46C96 = {
						CreatedOnToolsVersion = 7.2.1;
					};
					FA0FEC821CACCB4100D46C96 = {
						CreatedOnToolsVersion = 7.2.1;
						TestTargetID = FA0FEC691CACCB4100D46C96;
					};
					FA0FEC8D1CACCB4100D46C96 = {
						CreatedOnToolsVersion = 7.2.1;
						TestTargetID = FA0FEC691CACCB4100D46C96;
					};
				};
			};
			buildConfigurationList = FA0FEC651CACCB4100D46C96 /* Build configuration list for PBXProject "Quartz2D" */;
			compatibilityVersion = "Xcode 3.2";
			developmentRegion = English;
			hasScannedForEncodings = 0;
			knownRegions = (
				en,
				Base,
			);
			mainGroup = FA0FEC611CACCB4100D46C96;
			productRefGroup = FA0FEC6B1CACCB4100D46C96 /* Products */;
			projectDirPath = "";
			projectRoot = "";
			targets = (
				FA0FEC691CACCB4100D46C96 /* Quartz2D */,
				FA0FEC821CACCB4100D46C96 /* Quartz2DTests */,
				FA0FEC8D1CACCB4100D46C96 /* Quartz2DUITests */,
			);
		};
/* End PBXProject section */

/* Begin PBXResourcesBuildPhase section */
		FA0FEC681CACCB4100D46C96 /* Resources */ = {
			isa = PBXResourcesBuildPhase;
			buildActionMask = 2147483647;
			files = (
				FAAD81231CACF6A4004E190F /* DrawViewController.xib in Resources */,
				FA0FEC7D1CACCB4100D46C96 /* LaunchScreen.storyboard in Resources */,
				FA631B571CD9E1B80075111E /* MBProgressHUD.bundle in Resources */,
				FA0FEC7A1CACCB4100D46C96 /* Assets.xcassets in Resources */,
				FA0FEC781CACCB4100D46C96 /* Main.storyboard in Resources */,
			);
			runOnlyForDeploymentPostprocessing = 0;
		};
		FA0FEC811CACCB4100D46C96 /* Resources */ = {
			isa = PBXResourcesBuildPhase;
			buildActionMask = 2147483647;
			files = (
			);
			runOnlyForDeploymentPostprocessing = 0;
		};
		FA0FEC8C1CACCB4100D46C96 /* Resources */ = {
			isa = PBXResourcesBuildPhase;
			buildActionMask = 2147483647;
			files = (
			);
			runOnlyForDeploymentPostprocessing = 0;
		};
/* End PBXResourcesBuildPhase section */

/* Begin PBXSourcesBuildPhase section */
		FA0FEC661CACCB4100D46C96 /* Sources */ = {
			isa = PBXSourcesBuildPhase;
			buildActionMask = 2147483647;
			files = (
				FA63EA891CD1B72D002CE02F /* expandViewController.m in Sources */,
				FA631B561CD9E1B80075111E /* MBProgressHUD+MJ.m in Sources */,
				FA11FD521CD3676D009296DB /* backView.m in Sources */,
				FA631B491CD9A6930075111E /* DrawingBoardView.m in Sources */,
				FA11FD421CD30AC6009296DB /* GraphicsViewController.m in Sources */,
				FAAD81221CACF6A4004E190F /* DrawViewController.m in Sources */,
				FA11FD461CD3485F009296DB /* EraseImageViewController.m in Sources */,
				FA631B581CD9E1B80075111E /* MBProgressHUD.m in Sources */,
				FA631B4C1CD9AEBF0075111E /* DrawPath.m in Sources */,
				FA631B461CD9A5F90075111E /* DrawingBoardViewController.m in Sources */,
				FA0FEC721CACCB4100D46C96 /* AppDelegate.m in Sources */,
				FA0FEC6F1CACCB4100D46C96 /* main.m in Sources */,
				FA687D711CD8484E00564054 /* DiskGesturesPassword.m in Sources */,
				FAAD811E1CACD315004E190F /* HomeViewController.m in Sources */,
				FA9A755D1CD2FB500064ECCD /* WaterFlowLayout.m in Sources */,
				FA11FD4A1CD36428009296DB /* LockViewController.m in Sources */,
				FA11FD4F1CD3645D009296DB /* LockView.m in Sources */,
				FAAD81261CACF6B7004E190F /* DrawView.m in Sources */,
				FA631B4F1CD9CEBB0075111E /* HandleView.m in Sources */,
				FA63EA8C1CD1C0A5002CE02F /* UIImage+ImageClip.m in Sources */,
			);
			runOnlyForDeploymentPostprocessing = 0;
		};
		FA0FEC7F1CACCB4100D46C96 /* Sources */ = {
			isa = PBXSourcesBuildPhase;
			buildActionMask = 2147483647;
			files = (
				FA0FEC881CACCB4100D46C96 /* Quartz2DTests.m in Sources */,
			);
			runOnlyForDeploymentPostprocessing = 0;
		};
		FA0FEC8A1CACCB4100D46C96 /* Sources */ = {
			isa = PBXSourcesBuildPhase;
			buildActionMask = 2147483647;
			files = (
				FA0FEC931CACCB4100D46C96 /* Quartz2DUITests.m in Sources */,
			);
			runOnlyForDeploymentPostprocessing = 0;
		};
/* End PBXSourcesBuildPhase section */

/* Begin PBXTargetDependency section */
		FA0FEC851CACCB4100D46C96 /* PBXTargetDependency */ = {
			isa = PBXTargetDependency;
			target = FA0FEC691CACCB4100D46C96 /* Quartz2D */;
			targetProxy = FA0FEC841CACCB4100D46C96 /* PBXContainerItemProxy */;
		};
		FA0FEC901CACCB4100D46C96 /* PBXTargetDependency */ = {
			isa = PBXTargetDependency;
			target = FA0FEC691CACCB4100D46C96 /* Quartz2D */;
			targetProxy = FA0FEC8F1CACCB4100D46C96 /* PBXContainerItemProxy */;
		};
/* End PBXTargetDependency section */

/* Begin PBXVariantGroup section */
		FA0FEC761CACCB4100D46C96 /* Main.storyboard */ = {
			isa = PBXVariantGroup;
			children = (
				FA0FEC771CACCB4100D46C96 /* Base */,
			);
			name = Main.storyboard;
			sourceTree = "<group>";
		};
		FA0FEC7B1CACCB4100D46C96 /* LaunchScreen.storyboard */ = {
			isa = PBXVariantGroup;
			children = (
				FA0FEC7C1CACCB4100D46C96 /* Base */,
			);
			name = LaunchScreen.storyboard;
			sourceTree = "<group>";
		};
/* End PBXVariantGroup section */

/* Begin XCBuildConfiguration section */
		FA0FEC951CACCB4100D46C96 /* Debug */ = {
			isa = XCBuildConfiguration;
			buildSettings = {
				ALWAYS_SEARCH_USER_PATHS = NO;
				CLANG_CXX_LANGUAGE_STANDARD = "gnu++0x";
				CLANG_CXX_LIBRARY = "libc++";
				CLANG_ENABLE_MODULES = YES;
				CLANG_ENABLE_OBJC_ARC = YES;
				CLANG_WARN_BOOL_CONVERSION = YES;
				CLANG_WARN_CONSTANT_CONVERSION = YES;
				CLANG_WARN_DIRECT_OBJC_ISA_USAGE = YES_ERROR;
				CLANG_WARN_EMPTY_BODY = YES;
				CLANG_WARN_ENUM_CONVERSION = YES;
				CLANG_WARN_INT_CONVERSION = YES;
				CLANG_WARN_OBJC_ROOT_CLASS = YES_ERROR;
				CLANG_WARN_UNREACHABLE_CODE = YES;
				CLANG_WARN__DUPLICATE_METHOD_MATCH = YES;
				"CODE_SIGN_IDENTITY[sdk=iphoneos*]" = "iPhone Developer";
				COPY_PHASE_STRIP = NO;
				DEBUG_INFORMATION_FORMAT = dwarf;
				ENABLE_STRICT_OBJC_MSGSEND = YES;
				ENABLE_TESTABILITY = YES;
				GCC_C_LANGUAGE_STANDARD = gnu99;
				GCC_DYNAMIC_NO_PIC = NO;
				GCC_NO_COMMON_BLOCKS = YES;
				GCC_OPTIMIZATION_LEVEL = 0;
				GCC_PREPROCESSOR_DEFINITIONS = (
					"DEBUG=1",
					"$(inherited)",
				);
				GCC_WARN_64_TO_32_BIT_CONVERSION = YES;
				GCC_WARN_ABOUT_RETURN_TYPE = YES_ERROR;
				GCC_WARN_UNDECLARED_SELECTOR = YES;
				GCC_WARN_UNINITIALIZED_AUTOS = YES_AGGRESSIVE;
				GCC_WARN_UNUSED_FUNCTION = YES;
				GCC_WARN_UNUSED_VARIABLE = YES;
				IPHONEOS_DEPLOYMENT_TARGET = 9.2;
				MTL_ENABLE_DEBUG_INFO = YES;
				ONLY_ACTIVE_ARCH = YES;
				SDKROOT = iphoneos;
			};
			name = Debug;
		};
		FA0FEC961CACCB4100D46C96 /* Release */ = {
			isa = XCBuildConfiguration;
			buildSettings = {
				ALWAYS_SEARCH_USER_PATHS = NO;
				CLANG_CXX_LANGUAGE_STANDARD = "gnu++0x";
				CLANG_CXX_LIBRARY = "libc++";
				CLANG_ENABLE_MODULES = YES;
				CLANG_ENABLE_OBJC_ARC = YES;
				CLANG_WARN_BOOL_CONVERSION = YES;
				CLANG_WARN_CONSTANT_CONVERSION = YES;
				CLANG_WARN_DIRECT_OBJC_ISA_USAGE = YES_ERROR;
				CLANG_WARN_EMPTY_BODY = YES;
				CLANG_WARN_ENUM_CONVERSION = YES;
				CLANG_WARN_INT_CONVERSION = YES;
				CLANG_WARN_OBJC_ROOT_CLASS = YES_ERROR;
				CLANG_WARN_UNREACHABLE_CODE = YES;
				CLANG_WARN__DUPLICATE_METHOD_MATCH = YES;
				"CODE_SIGN_IDENTITY[sdk=iphoneos*]" = "iPhone Developer";
				COPY_PHASE_STRIP = NO;
				DEBUG_INFORMATION_FORMAT = "dwarf-with-dsym";
				ENABLE_NS_ASSERTIONS = NO;
				ENABLE_STRICT_OBJC_MSGSEND = YES;
				GCC_C_LANGUAGE_STANDARD = gnu99;
				GCC_NO_COMMON_BLOCKS = YES;
				GCC_WARN_64_TO_32_BIT_CONVERSION = YES;
				GCC_WARN_ABOUT_RETURN_TYPE = YES_ERROR;
				GCC_WARN_UNDECLARED_SELECTOR = YES;
				GCC_WARN_UNINITIALIZED_AUTOS = YES_AGGRESSIVE;
				GCC_WARN_UNUSED_FUNCTION = YES;
				GCC_WARN_UNUSED_VARIABLE = YES;
				IPHONEOS_DEPLOYMENT_TARGET = 9.2;
				MTL_ENABLE_DEBUG_INFO = NO;
				SDKROOT = iphoneos;
				VALIDATE_PRODUCT = YES;
			};
			name = Release;
		};
		FA0FEC981CACCB4100D46C96 /* Debug */ = {
			isa = XCBuildConfiguration;
			buildSettings = {
				ASSETCATALOG_COMPILER_APPICON_NAME = AppIcon;
				INFOPLIST_FILE = Quartz2D/Info.plist;
				LD_RUNPATH_SEARCH_PATHS = "$(inherited) @executable_path/Frameworks";
				PRODUCT_BUNDLE_IDENTIFIER = com.yiju.fangjs.Quartz2D;
				PRODUCT_NAME = "$(TARGET_NAME)";
			};
			name = Debug;
		};
		FA0FEC991CACCB4100D46C96 /* Release */ = {
			isa = XCBuildConfiguration;
			buildSettings = {
				ASSETCATALOG_COMPILER_APPICON_NAME = AppIcon;
				INFOPLIST_FILE = Quartz2D/Info.plist;
				LD_RUNPATH_SEARCH_PATHS = "$(inherited) @executable_path/Frameworks";
				PRODUCT_BUNDLE_IDENTIFIER = com.yiju.fangjs.Quartz2D;
				PRODUCT_NAME = "$(TARGET_NAME)";
			};
			name = Release;
		};
		FA0FEC9B1CACCB4100D46C96 /* Debug */ = {
			isa = XCBuildConfiguration;
			buildSettings = {
				BUNDLE_LOADER = "$(TEST_HOST)";
				INFOPLIST_FILE = Quartz2DTests/Info.plist;
				LD_RUNPATH_SEARCH_PATHS = "$(inherited) @executable_path/Frameworks @loader_path/Frameworks";
				PRODUCT_BUNDLE_IDENTIFIER = com.yiju.fangjs.Quartz2DTests;
				PRODUCT_NAME = "$(TARGET_NAME)";
				TEST_HOST = "$(BUILT_PRODUCTS_DIR)/Quartz2D.app/Quartz2D";
			};
			name = Debug;
		};
		FA0FEC9C1CACCB4100D46C96 /* Release */ = {
			isa = XCBuildConfiguration;
			buildSettings = {
				BUNDLE_LOADER = "$(TEST_HOST)";
				INFOPLIST_FILE = Quartz2DTests/Info.plist;
				LD_RUNPATH_SEARCH_PATHS = "$(inherited) @executable_path/Frameworks @loader_path/Frameworks";
				PRODUCT_BUNDLE_IDENTIFIER = com.yiju.fangjs.Quartz2DTests;
				PRODUCT_NAME = "$(TARGET_NAME)";
				TEST_HOST = "$(BUILT_PRODUCTS_DIR)/Quartz2D.app/Quartz2D";
			};
			name = Release;
		};
		FA0FEC9E1CACCB4100D46C96 /* Debug */ = {
			isa = XCBuildConfiguration;
			buildSettings = {
				INFOPLIST_FILE = Quartz2DUITests/Info.plist;
				LD_RUNPATH_SEARCH_PATHS = "$(inherited) @executable_path/Frameworks @loader_path/Frameworks";
				PRODUCT_BUNDLE_IDENTIFIER = com.yiju.fangjs.Quartz2DUITests;
				PRODUCT_NAME = "$(TARGET_NAME)";
				TEST_TARGET_NAME = Quartz2D;
				USES_XCTRUNNER = YES;
			};
			name = Debug;
		};
		FA0FEC9F1CACCB4100D46C96 /* Release */ = {
			isa = XCBuildConfiguration;
			buildSettings = {
				INFOPLIST_FILE = Quartz2DUITests/Info.plist;
				LD_RUNPATH_SEARCH_PATHS = "$(inherited) @executable_path/Frameworks @loader_path/Frameworks";
				PRODUCT_BUNDLE_IDENTIFIER = com.yiju.fangjs.Quartz2DUITests;
				PRODUCT_NAME = "$(TARGET_NAME)";
				TEST_TARGET_NAME = Quartz2D;
				USES_XCTRUNNER = YES;
			};
			name = Release;
		};
/* End XCBuildConfiguration section */

/* Begin XCConfigurationList section */
		FA0FEC651CACCB4100D46C96 /* Build configuration list for PBXProject "Quartz2D" */ = {
			isa = XCConfigurationList;
			buildConfigurations = (
				FA0FEC951CACCB4100D46C96 /* Debug */,
				FA0FEC961CACCB4100D46C96 /* Release */,
			);
			defaultConfigurationIsVisible = 0;
			defaultConfigurationName = Release;
		};
		FA0FEC971CACCB4100D46C96 /* Build configuration list for PBXNativeTarget "Quartz2D" */ = {
			isa = XCConfigurationList;
			buildConfigurations = (
				FA0FEC981CACCB4100D46C96 /* Debug */,
				FA0FEC991CACCB4100D46C96 /* Release */,
			);
			defaultConfigurationIsVisible = 0;
			defaultConfigurationName = Release;
		};
		FA0FEC9A1CACCB4100D46C96 /* Build configuration list for PBXNativeTarget "Quartz2DTests" */ = {
			isa = XCConfigurationList;
			buildConfigurations = (
				FA0FEC9B1CACCB4100D46C96 /* Debug */,
				FA0FEC9C1CACCB4100D46C96 /* Release */,
			);
			defaultConfigurationIsVisible = 0;
			defaultConfigurationName = Release;
		};
		FA0FEC9D1CACCB4100D46C96 /* Build configuration list for PBXNativeTarget "Quartz2DUITests" */ = {
			isa = XCConfigurationList;
			buildConfigurations = (
				FA0FEC9E1CACCB4100D46C96 /* Debug */,
				FA0FEC9F1CACCB4100D46C96 /* Release */,
			);
			defaultConfigurationIsVisible = 0;
			defaultConfigurationName = Release;
		};
/* End XCConfigurationList section */
	};
	rootObject = FA0FEC621CACCB4100D46C96 /* Project object */;
}
